{
  "name": "@l2s1/node",
  "version": "0.2.2",
  "lockfileVersion": 3,
  "requires": true,
  "packages": {
    "": {
      "name": "@l2s1/node",
      "version": "0.2.2",
      "license": "MIT",
      "devDependencies": {
        "@types/node": "^24",
        "typescript": "6.0.3"
      },
      "engines": {
        "node": ">=22"
      },
      "optionalDependencies": {
        "@l2s1/runtime-darwin-arm64": "0.2.2",
        "@l2s1/runtime-darwin-x64": "0.2.2",
        "@l2s1/runtime-linux-arm64": "0.2.2",
        "@l2s1/runtime-linux-x64": "0.2.2",
        "@l2s1/runtime-win32-x64": "0.2.2"
      }
    },
    "node_modules/@l2s1/runtime-darwin-arm64": {
      "version": "0.2.2",
      "resolved": "https://registry.npmjs.org/@l2s1/runtime-darwin-arm64/-/runtime-darwin-arm64-0.2.2.tgz",
      "integrity": "sha512-cstJa9FeJC9AjpAdn6o/Qwi3e3ei6bdbssUQwJUHovPoqn7HF+bn5/TAAuNXwB0ZxZCDv903kyB6kukrUZMTAA==",
      "cpu": [
        "arm64"
      ],
      "license": "MIT",
      "optional": true,
      "os": [
        "darwin"
      ]
    },
    "node_modules/@l2s1/runtime-darwin-x64": {
      "version": "0.2.2",
      "resolved": "https://registry.npmjs.org/@l2s1/runtime-darwin-x64/-/runtime-darwin-x64-0.2.2.tgz",
      "integrity": "sha512-6fW78u+M/Eh7xvjwhZPguFa5zOlJuJATdMnPHhFnAXmIu2Gs0raBHwAdm4CzRGOlrp9IJG2Y79EJVieN3VdCYw==",
      "cpu": [
        "x64"
      ],
      "license": "MIT",
      "optional": true,
      "os": [
        "darwin"
      ]
    },
    "node_modules/@l2s1/runtime-linux-arm64": {
      "version": "0.2.2",
      "resolved": "https://registry.npmjs.org/@l2s1/runtime-linux-arm64/-/runtime-linux-arm64-0.2.2.tgz",
      "integrity": "sha512-dweWbIjYSjMq9JI6ryo/+QcCInQwPB5nNnqnYv9lgf5ozgrOcttbsFSWd7VwVZ267ZJCinL041ocgrpsKDLn8w==",
      "cpu": [
        "arm64"
      ],
      "license": "MIT",
      "optional": true,
      "os": [
        "linux"
      ]
    },
    "node_modules/@l2s1/runtime-linux-x64": {
      "version": "0.2.2",
      "resolved": "https://registry.npmjs.org/@l2s1/runtime-linux-x64/-/runtime-linux-x64-0.2.2.tgz",
      "integrity": "sha512-RQhLOXK/45jk0cotbV0ZJRC+uGouoUPGRCxJzsEEfhfpP4c3GCEI/475wM3L35HFxDk7e2+gE5AgSgbNRiPP/A==",
      "cpu": [
        "x64"
      ],
      "license": "MIT",
      "optional": true,
      "os": [
        "linux"
      ]
    },
    "node_modules/@l2s1/runtime-win32-x64": {
      "version": "0.2.2",
      "resolved": "https://registry.npmjs.org/@l2s1/runtime-win32-x64/-/runtime-win32-x64-0.2.2.tgz",
      "integrity": "sha512-NkRBC/gjDg1bMmBWVzEcbNwnpM/RXGXnbUvwqYT0eBCyeLUutNQpNyshJsmbxlE8M2AgQeSNCsnmFBb/ztfQww==",
      "cpu": [
        "x64"
      ],
      "license": "MIT",
      "optional": true,
      "os": [
        "win32"
      ]
    },
    "node_modules/@types/node": {
      "version": "24.19.0",
      "resolved": "https://registry.npmjs.org/@types/node/-/node-24.19.0.tgz",
      "integrity": "sha512-zY+5tKxXdhGh1PYI0ac+7juvEu4OI6vWtVVoj5i2m42jxAY1U+zHGt6QCyOFwykdP62sM3MJ9stoYYUw5aCWew==",
      "dev": true,
      "license": "MIT",
      "dependencies": {
        "undici-types": ">=7.24.0 <7.24.7"
      }
    },
    "node_modules/typescript": {
      "version": "6.0.3",
      "resolved": "https://registry.npmjs.org/typescript/-/typescript-6.0.3.tgz",
      "integrity": "sha512-y2TvuxSZPDyQakkFRPZHKFm+KKVqIisdg9/CZwm9ftvKXLP8NRWj38/ODjNbr43SsoXqNuAisEf1GdCxqWcdBw==",
      "dev": true,
      "license": "Apache-2.0",
      "bin": {
        "tsc": "bin/tsc",
        "tsserver": "bin/tsserver"
      },
      "engines": {
        "node": ">=14.17"
      }
    },
    "node_modules/undici-types": {
      "version": "7.24.6",
      "resolved": "https://registry.npmjs.org/undici-types/-/undici-types-7.24.6.tgz",
      "integrity": "sha512-WRNW+sJgj5OBN4/0JpHFqtqzhpbnV0GuB+OozA9gCL7a993SmU+1JBZCzLNxYsbMfIeDL+lTsphD5jN5N+n0zg==",
      "dev": true,
      "license": "MIT"
    }
  }
}
