{
  "name": "@l2s1/node",
  "version": "0.1.1",
  "lockfileVersion": 3,
  "requires": true,
  "packages": {
    "": {
      "name": "@l2s1/node",
      "version": "0.1.1",
      "license": "MIT",
      "devDependencies": {
        "@types/node": "^24",
        "typescript": "6.0.3"
      },
      "engines": {
        "node": ">=22"
      },
      "optionalDependencies": {
        "@l2s1/runtime-darwin-arm64": "0.1.1",
        "@l2s1/runtime-darwin-x64": "0.1.1",
        "@l2s1/runtime-linux-arm64": "0.1.1",
        "@l2s1/runtime-linux-x64": "0.1.1",
        "@l2s1/runtime-win32-x64": "0.1.1"
      }
    },
    "node_modules/@l2s1/runtime-darwin-arm64": {
      "version": "0.1.1",
      "resolved": "https://registry.npmjs.org/@l2s1/runtime-darwin-arm64/-/runtime-darwin-arm64-0.1.1.tgz",
      "integrity": "sha512-3eg6eXnNVubR6G6c808N0HvPM2gRG/Yl4Tp2DfkShVczkcisl+A+MqM1JHYAxAeD7AzTBJAEb66fyPtrthYmZw==",
      "cpu": [
        "arm64"
      ],
      "license": "MIT",
      "optional": true,
      "os": [
        "darwin"
      ]
    },
    "node_modules/@l2s1/runtime-darwin-x64": {
      "version": "0.1.1",
      "resolved": "https://registry.npmjs.org/@l2s1/runtime-darwin-x64/-/runtime-darwin-x64-0.1.1.tgz",
      "integrity": "sha512-ZoSUYU0uPQtGwU/uWEZntfWgPO7aBhJBe/zQji4Lihn0hrP8h0rl8gmDCSdG9E59gH72KZnmEo28pf15pZP0Nw==",
      "cpu": [
        "x64"
      ],
      "license": "MIT",
      "optional": true,
      "os": [
        "darwin"
      ]
    },
    "node_modules/@l2s1/runtime-linux-arm64": {
      "version": "0.1.1",
      "resolved": "https://registry.npmjs.org/@l2s1/runtime-linux-arm64/-/runtime-linux-arm64-0.1.1.tgz",
      "integrity": "sha512-WGrdSB9hoR1yuLyZnK2dtLz+kqpu/iL1dyt3blg6DFchENRsapj0WHFWbIZUf3a4bqiMkMvE6Gn6wM96SJKIGg==",
      "cpu": [
        "arm64"
      ],
      "libc": [
        "glibc"
      ],
      "license": "MIT",
      "optional": true,
      "os": [
        "linux"
      ]
    },
    "node_modules/@l2s1/runtime-linux-x64": {
      "version": "0.1.1",
      "resolved": "https://registry.npmjs.org/@l2s1/runtime-linux-x64/-/runtime-linux-x64-0.1.1.tgz",
      "integrity": "sha512-kWUGG8mGhpk/xkKsGDCHhHPnE+ycyQvz08ma3YtPkYn9/5uILt8Bn4N1+s8l+2rw3prarIy+q0sE25htdKg+rQ==",
      "cpu": [
        "x64"
      ],
      "libc": [
        "glibc"
      ],
      "license": "MIT",
      "optional": true,
      "os": [
        "linux"
      ]
    },
    "node_modules/@l2s1/runtime-win32-x64": {
      "version": "0.1.1",
      "resolved": "https://registry.npmjs.org/@l2s1/runtime-win32-x64/-/runtime-win32-x64-0.1.1.tgz",
      "integrity": "sha512-z/hLdkln5eeSJS6eARuzOv0zwUZ0MzkP/BIZSFmpXKoWNYNMR+qV7c0BIIM3gSazCvOk0AJBnLXemcg/fFmZYw==",
      "cpu": [
        "x64"
      ],
      "license": "MIT",
      "optional": true,
      "os": [
        "win32"
      ]
    },
    "node_modules/@types/node": {
      "version": "24.19.0",
      "resolved": "https://registry.npmjs.org/@types/node/-/node-24.19.0.tgz",
      "integrity": "sha512-zY+5tKxXdhGh1PYI0ac+7juvEu4OI6vWtVVoj5i2m42jxAY1U+zHGt6QCyOFwykdP62sM3MJ9stoYYUw5aCWew==",
      "dev": true,
      "license": "MIT",
      "dependencies": {
        "undici-types": ">=7.24.0 <7.24.7"
      }
    },
    "node_modules/typescript": {
      "version": "6.0.3",
      "resolved": "https://registry.npmjs.org/typescript/-/typescript-6.0.3.tgz",
      "integrity": "sha512-y2TvuxSZPDyQakkFRPZHKFm+KKVqIisdg9/CZwm9ftvKXLP8NRWj38/ODjNbr43SsoXqNuAisEf1GdCxqWcdBw==",
      "dev": true,
      "license": "Apache-2.0",
      "bin": {
        "tsc": "bin/tsc",
        "tsserver": "bin/tsserver"
      },
      "engines": {
        "node": ">=14.17"
      }
    },
    "node_modules/undici-types": {
      "version": "7.24.6",
      "resolved": "https://registry.npmjs.org/undici-types/-/undici-types-7.24.6.tgz",
      "integrity": "sha512-WRNW+sJgj5OBN4/0JpHFqtqzhpbnV0GuB+OozA9gCL7a993SmU+1JBZCzLNxYsbMfIeDL+lTsphD5jN5N+n0zg==",
      "dev": true,
      "license": "MIT"
    }
  }
}
